
Microsoft Visual Studio Solution File, Format Version 12.00
# Visual Studio Version 17
VisualStudioVersion = 17.9.34902.65
MinimumVisualStudioVersion = 10.0.40219.1
Project("{2150E333-8FDC-42A3-9474-1A3956D46DE8}") = "src", "src", "{B69AE3E2-AAA0-4DD0-9F0D-B7B04C459D30}"
EndProject
Project("{2150E333-8FDC-42A3-9474-1A3956D46DE8}") = "tests", "tests", "{0BB69303-BCFD-4543-97C8-6F2018AC350A}"
EndProject
Project("{9A19103F-16F7-4668-BE54-9A1E7A4F7556}") = "UltimateTicTacToe.API", "src\UltimateTicTacToe.Api\UltimateTicTacToe.API.csproj", "{E71B2F61-ACCF-4AD2-9679-194E09DE9424}"
EndProject
Project("{9A19103F-16F7-4668-BE54-9A1E7A4F7556}") = "UltimateTicTacToe.Core", "src\UltimateTicTacToe.Core\UltimateTicTacToe.Core.csproj", "{A28E3CE1-1F91-4A3B-AB2D-6E169E41BF64}"
EndProject
Project("{9A19103F-16F7-4668-BE54-9A1E7A4F7556}") = "UltimateTicTacToe.Storage", "src\UltimateTicTacToe.Storage\UltimateTicTacToe.Storage.csproj", "{3041F075-8301-40CA-BA6D-8ACAD0824D4A}"
EndProject
Project("{2150E333-8FDC-42A3-9474-1A3956D46DE8}") = "deploy", "deploy", "{C649850E-BC57-403D-8EEB-9DAFCB6BDD7A}"
	ProjectSection(SolutionItems) = preProject
		deploy\docker-compose.yaml = deploy\docker-compose.yaml
	EndProjectSection
EndProject
Project("{9A19103F-16F7-4668-BE54-9A1E7A4F7556}") = "UltimateTicTacToe.Core.Tests.Unit", "tests\UltimateTicTacToe.Core.Tests.Unit\UltimateTicTacToe.Core.Tests.Unit.csproj", "{32E78060-C9F1-449E-9AF8-392D4FF2179D}"
EndProject
Project("{9A19103F-16F7-4668-BE54-9A1E7A4F7556}") = "UltimateTicTacToe.Storage.Tests.Integration", "tests\UltimateTicTacToe.Storage.Tests.Integration\UltimateTicTacToe.Storage.Tests.Integration.csproj", "{ACCA9C71-1DF9-4413-BF21-906B6342FFE3}"
EndProject
Project("{9A19103F-16F7-4668-BE54-9A1E7A4F7556}") = "UltimateTicTacToe.API.Tests.Unit", "tests\UltimateTicTacToe.API.Tests.Unit\UltimateTicTacToe.API.Tests.Unit.csproj", "{E6E4F050-2997-46B7-B8A0-BF14B7B58B10}"
EndProject
Project("{2150E333-8FDC-42A3-9474-1A3956D46DE8}") = "docs", "docs", "{D83A1A69-1F0A-4222-8F81-76F8646A128A}"
	ProjectSection(SolutionItems) = preProject
		README.md = README.md
		docs\ROADMAP.md = docs\ROADMAP.md
	EndProjectSection
EndProject
Project("{FAE04EC0-301F-11D3-BF4B-00C04F79EFBC}") = "UltimateTicTacToe.Core.Tests.Integration", "tests\UltimateTicTacToe.Core.Tests.Integration\UltimateTicTacToe.Core.Tests.Integration.csproj", "{78B420D4-C46E-4408-826D-56D8772583D6}"
EndProject
Global
	GlobalSection(SolutionConfigurationPlatforms) = preSolution
		Debug|Any CPU = Debug|Any CPU
		Release|Any CPU = Release|Any CPU
	EndGlobalSection
	GlobalSection(ProjectConfigurationPlatforms) = postSolution
		{E71B2F61-ACCF-4AD2-9679-194E09DE9424}.Debug|Any CPU.ActiveCfg = Debug|Any CPU
		{E71B2F61-ACCF-4AD2-9679-194E09DE9424}.Debug|Any CPU.Build.0 = Debug|Any CPU
		{E71B2F61-ACCF-4AD2-9679-194E09DE9424}.Release|Any CPU.ActiveCfg = Release|Any CPU
		{E71B2F61-ACCF-4AD2-9679-194E09DE9424}.Release|Any CPU.Build.0 = Release|Any CPU
		{A28E3CE1-1F91-4A3B-AB2D-6E169E41BF64}.Debug|Any CPU.ActiveCfg = Debug|Any CPU
		{A28E3CE1-1F91-4A3B-AB2D-6E169E41BF64}.Debug|Any CPU.Build.0 = Debug|Any CPU
		{A28E3CE1-1F91-4A3B-AB2D-6E169E41BF64}.Release|Any CPU.ActiveCfg = Release|Any CPU
		{A28E3CE1-1F91-4A3B-AB2D-6E169E41BF64}.Release|Any CPU.Build.0 = Release|Any CPU
		{3041F075-8301-40CA-BA6D-8ACAD0824D4A}.Debug|Any CPU.ActiveCfg = Debug|Any CPU
		{3041F075-8301-40CA-BA6D-8ACAD0824D4A}.Debug|Any CPU.Build.0 = Debug|Any CPU
		{3041F075-8301-40CA-BA6D-8ACAD0824D4A}.Release|Any CPU.ActiveCfg = Release|Any CPU
		{3041F075-8301-40CA-BA6D-8ACAD0824D4A}.Release|Any CPU.Build.0 = Release|Any CPU
		{32E78060-C9F1-449E-9AF8-392D4FF2179D}.Debug|Any CPU.ActiveCfg = Debug|Any CPU
		{32E78060-C9F1-449E-9AF8-392D4FF2179D}.Debug|Any CPU.Build.0 = Debug|Any CPU
		{32E78060-C9F1-449E-9AF8-392D4FF2179D}.Release|Any CPU.ActiveCfg = Release|Any CPU
		{32E78060-C9F1-449E-9AF8-392D4FF2179D}.Release|Any CPU.Build.0 = Release|Any CPU
		{ACCA9C71-1DF9-4413-BF21-906B6342FFE3}.Debug|Any CPU.ActiveCfg = Debug|Any CPU
		{ACCA9C71-1DF9-4413-BF21-906B6342FFE3}.Debug|Any CPU.Build.0 = Debug|Any CPU
		{ACCA9C71-1DF9-4413-BF21-906B6342FFE3}.Release|Any CPU.ActiveCfg = Release|Any CPU
		{ACCA9C71-1DF9-4413-BF21-906B6342FFE3}.Release|Any CPU.Build.0 = Release|Any CPU
		{E6E4F050-2997-46B7-B8A0-BF14B7B58B10}.Debug|Any CPU.ActiveCfg = Debug|Any CPU
		{E6E4F050-2997-46B7-B8A0-BF14B7B58B10}.Debug|Any CPU.Build.0 = Debug|Any CPU
		{E6E4F050-2997-46B7-B8A0-BF14B7B58B10}.Release|Any CPU.ActiveCfg = Release|Any CPU
		{E6E4F050-2997-46B7-B8A0-BF14B7B58B10}.Release|Any CPU.Build.0 = Release|Any CPU
		{78B420D4-C46E-4408-826D-56D8772583D6}.Debug|Any CPU.ActiveCfg = Debug|Any CPU
		{78B420D4-C46E-4408-826D-56D8772583D6}.Debug|Any CPU.Build.0 = Debug|Any CPU
		{78B420D4-C46E-4408-826D-56D8772583D6}.Release|Any CPU.ActiveCfg = Release|Any CPU
		{78B420D4-C46E-4408-826D-56D8772583D6}.Release|Any CPU.Build.0 = Release|Any CPU
	EndGlobalSection
	GlobalSection(SolutionProperties) = preSolution
		HideSolutionNode = FALSE
	EndGlobalSection
	GlobalSection(NestedProjects) = preSolution
		{E71B2F61-ACCF-4AD2-9679-194E09DE9424} = {B69AE3E2-AAA0-4DD0-9F0D-B7B04C459D30}
		{A28E3CE1-1F91-4A3B-AB2D-6E169E41BF64} = {B69AE3E2-AAA0-4DD0-9F0D-B7B04C459D30}
		{3041F075-8301-40CA-BA6D-8ACAD0824D4A} = {B69AE3E2-AAA0-4DD0-9F0D-B7B04C459D30}
		{32E78060-C9F1-449E-9AF8-392D4FF2179D} = {0BB69303-BCFD-4543-97C8-6F2018AC350A}
		{ACCA9C71-1DF9-4413-BF21-906B6342FFE3} = {0BB69303-BCFD-4543-97C8-6F2018AC350A}
		{E6E4F050-2997-46B7-B8A0-BF14B7B58B10} = {0BB69303-BCFD-4543-97C8-6F2018AC350A}
		{78B420D4-C46E-4408-826D-56D8772583D6} = {0BB69303-BCFD-4543-97C8-6F2018AC350A}
	EndGlobalSection
	GlobalSection(ExtensibilityGlobals) = postSolution
		SolutionGuid = {FB02C1B5-2F7A-4CA3-9D74-8DE5B170EF25}
	EndGlobalSection
EndGlobal
