
Microsoft Visual Studio Solution File, Format Version 12.00
# Visual Studio Version 17
VisualStudioVersion = 17.9.34902.65
MinimumVisualStudioVersion = 10.0.40219.1
Project("{2150E333-8FDC-42A3-9474-1A3956D46DE8}") = "src", "src", "{B69AE3E2-AAA0-4DD0-9F0D-B7B04C459D30}"
EndProject
Project("{2150E333-8FDC-42A3-9474-1A3956D46DE8}") = "tests", "tests", "{0BB69303-BCFD-4543-97C8-6F2018AC350A}"
EndProject
Project("{9A19103F-16F7-4668-BE54-9A1E7A4F7556}") = "UltimateTicTacToe.API", "src\UltimateTicTacToe.Api\UltimateTicTacToe.API.csproj", "{E71B2F61-ACCF-4AD2-9679-194E09DE9424}"
EndProject
Project("{9A19103F-16F7-4668-BE54-9A1E7A4F7556}") = "UltimateTicTacToe.Core", "src\UltimateTicTacToe.Core\UltimateTicTacToe.Core.csproj", "{A28E3CE1-1F91-4A3B-AB2D-6E169E41BF64}"
EndProject
Project("{9A19103F-16F7-4668-BE54-9A1E7A4F7556}") = "UltimateTicTacToe.Core.Tests", "tests\UltimateTicTacToe.Core.Tests\UltimateTicTacToe.Core.Tests.csproj", "{928B0170-60FA-4DDF-80F9-E2590C202AB0}"
EndProject
Project("{FAE04EC0-301F-11D3-BF4B-00C04F79EFBC}") = "UltimateTicTacToe.Storage", "src\UltimateTicTacToe.Storage\UltimateTicTacToe.Storage.csproj", "{3041F075-8301-40CA-BA6D-8ACAD0824D4A}"
EndProject
Project("{2150E333-8FDC-42A3-9474-1A3956D46DE8}") = "deploy", "deploy", "{C649850E-BC57-403D-8EEB-9DAFCB6BDD7A}"
EndProject
Global
	GlobalSection(SolutionConfigurationPlatforms) = preSolution
		Debug|Any CPU = Debug|Any CPU
		Release|Any CPU = Release|Any CPU
	EndGlobalSection
	GlobalSection(ProjectConfigurationPlatforms) = postSolution
		{E71B2F61-ACCF-4AD2-9679-194E09DE9424}.Debug|Any CPU.ActiveCfg = Debug|Any CPU
		{E71B2F61-ACCF-4AD2-9679-194E09DE9424}.Debug|Any CPU.Build.0 = Debug|Any CPU
		{E71B2F61-ACCF-4AD2-9679-194E09DE9424}.Release|Any CPU.ActiveCfg = Release|Any CPU
		{E71B2F61-ACCF-4AD2-9679-194E09DE9424}.Release|Any CPU.Build.0 = Release|Any CPU
		{A28E3CE1-1F91-4A3B-AB2D-6E169E41BF64}.Debug|Any CPU.ActiveCfg = Debug|Any CPU
		{A28E3CE1-1F91-4A3B-AB2D-6E169E41BF64}.Debug|Any CPU.Build.0 = Debug|Any CPU
		{A28E3CE1-1F91-4A3B-AB2D-6E169E41BF64}.Release|Any CPU.ActiveCfg = Release|Any CPU
		{A28E3CE1-1F91-4A3B-AB2D-6E169E41BF64}.Release|Any CPU.Build.0 = Release|Any CPU
		{928B0170-60FA-4DDF-80F9-E2590C202AB0}.Debug|Any CPU.ActiveCfg = Debug|Any CPU
		{928B0170-60FA-4DDF-80F9-E2590C202AB0}.Debug|Any CPU.Build.0 = Debug|Any CPU
		{928B0170-60FA-4DDF-80F9-E2590C202AB0}.Release|Any CPU.ActiveCfg = Release|Any CPU
		{928B0170-60FA-4DDF-80F9-E2590C202AB0}.Release|Any CPU.Build.0 = Release|Any CPU
		{3041F075-8301-40CA-BA6D-8ACAD0824D4A}.Debug|Any CPU.ActiveCfg = Debug|Any CPU
		{3041F075-8301-40CA-BA6D-8ACAD0824D4A}.Debug|Any CPU.Build.0 = Debug|Any CPU
		{3041F075-8301-40CA-BA6D-8ACAD0824D4A}.Release|Any CPU.ActiveCfg = Release|Any CPU
		{3041F075-8301-40CA-BA6D-8ACAD0824D4A}.Release|Any CPU.Build.0 = Release|Any CPU
	EndGlobalSection
	GlobalSection(SolutionProperties) = preSolution
		HideSolutionNode = FALSE
	EndGlobalSection
	GlobalSection(NestedProjects) = preSolution
		{E71B2F61-ACCF-4AD2-9679-194E09DE9424} = {B69AE3E2-AAA0-4DD0-9F0D-B7B04C459D30}
		{A28E3CE1-1F91-4A3B-AB2D-6E169E41BF64} = {B69AE3E2-AAA0-4DD0-9F0D-B7B04C459D30}
		{928B0170-60FA-4DDF-80F9-E2590C202AB0} = {0BB69303-BCFD-4543-97C8-6F2018AC350A}
		{3041F075-8301-40CA-BA6D-8ACAD0824D4A} = {B69AE3E2-AAA0-4DD0-9F0D-B7B04C459D30}
	EndGlobalSection
	GlobalSection(ExtensibilityGlobals) = postSolution
		SolutionGuid = {FB02C1B5-2F7A-4CA3-9D74-8DE5B170EF25}
	EndGlobalSection
EndGlobal
